
Microsoft Visual Studio Solution File, Format Version 12.00
# Visual Studio Version 17
VisualStudioVersion = 17.0.31903.59
MinimumVisualStudioVersion = 10.0.40219.1
Project("{2150E333-8FDC-42A3-9474-1A3956D46DE8}") = "src", "src", "{827E0CD3-B72D-47B6-A68D-7590B98EB39B}"
EndProject
Project("{FAE04EC0-301F-11D3-BF4B-00C04F79EFBC}") = "GameStore.Api", "src\GameStore.Api\GameStore.Api.csproj", "{DEE97A76-C9A3-BFAF-1CCD-4A95303F54F6}"
EndProject
Project("{FAE04EC0-301F-11D3-BF4B-00C04F79EFBC}") = "GameStore.Application", "src\GameStore.Application\GameStore.Application.csproj", "{21E6FFD2-5625-8AF6-2874-D344ACAA001C}"
EndProject
Project("{FAE04EC0-301F-11D3-BF4B-00C04F79EFBC}") = "GameStore.Domain", "src\GameStore.Domain\GameStore.Domain.csproj", "{AA440216-3ABB-2704-D0A9-B3D821DF445E}"
EndProject
Project("{FAE04EC0-301F-11D3-BF4B-00C04F79EFBC}") = "GameStore.Infrastructure", "src\GameStore.Infrastructure\GameStore.Infrastructure.csproj", "{CE140DF5-E2FB-45D4-BE01-15FFB97ED2BA}"
EndProject
Project("{FAE04EC0-301F-11D3-BF4B-00C04F79EFBC}") = "GameStore.Shared", "src\GameStore.Shared\GameStore.Shared.csproj", "{874DCE75-7283-50FE-A28A-A519C3F49269}"
EndProject
Project("{FAE04EC0-301F-11D3-BF4B-00C04F79EFBC}") = "Gamestore.Test", "Gamestore.Test\Gamestore.Test.csproj", "{7BDCD7DE-538B-0055-C0C1-C16A0E5948BB}"
EndProject
Global
	GlobalSection(SolutionConfigurationPlatforms) = preSolution
		Debug|Any CPU = Debug|Any CPU
		Release|Any CPU = Release|Any CPU
	EndGlobalSection
	GlobalSection(ProjectConfigurationPlatforms) = postSolution
		{DEE97A76-C9A3-BFAF-1CCD-4A95303F54F6}.Debug|Any CPU.ActiveCfg = Debug|Any CPU
		{DEE97A76-C9A3-BFAF-1CCD-4A95303F54F6}.Debug|Any CPU.Build.0 = Debug|Any CPU
		{DEE97A76-C9A3-BFAF-1CCD-4A95303F54F6}.Release|Any CPU.ActiveCfg = Release|Any CPU
		{DEE97A76-C9A3-BFAF-1CCD-4A95303F54F6}.Release|Any CPU.Build.0 = Release|Any CPU
		{21E6FFD2-5625-8AF6-2874-D344ACAA001C}.Debug|Any CPU.ActiveCfg = Debug|Any CPU
		{21E6FFD2-5625-8AF6-2874-D344ACAA001C}.Debug|Any CPU.Build.0 = Debug|Any CPU
		{21E6FFD2-5625-8AF6-2874-D344ACAA001C}.Release|Any CPU.ActiveCfg = Release|Any CPU
		{21E6FFD2-5625-8AF6-2874-D344ACAA001C}.Release|Any CPU.Build.0 = Release|Any CPU
		{AA440216-3ABB-2704-D0A9-B3D821DF445E}.Debug|Any CPU.ActiveCfg = Debug|Any CPU
		{AA440216-3ABB-2704-D0A9-B3D821DF445E}.Debug|Any CPU.Build.0 = Debug|Any CPU
		{AA440216-3ABB-2704-D0A9-B3D821DF445E}.Release|Any CPU.ActiveCfg = Release|Any CPU
		{AA440216-3ABB-2704-D0A9-B3D821DF445E}.Release|Any CPU.Build.0 = Release|Any CPU
		{CE140DF5-E2FB-45D4-BE01-15FFB97ED2BA}.Debug|Any CPU.ActiveCfg = Debug|Any CPU
		{CE140DF5-E2FB-45D4-BE01-15FFB97ED2BA}.Debug|Any CPU.Build.0 = Debug|Any CPU
		{CE140DF5-E2FB-45D4-BE01-15FFB97ED2BA}.Release|Any CPU.ActiveCfg = Release|Any CPU
		{CE140DF5-E2FB-45D4-BE01-15FFB97ED2BA}.Release|Any CPU.Build.0 = Release|Any CPU
		{874DCE75-7283-50FE-A28A-A519C3F49269}.Debug|Any CPU.ActiveCfg = Debug|Any CPU
		{874DCE75-7283-50FE-A28A-A519C3F49269}.Debug|Any CPU.Build.0 = Debug|Any CPU
		{874DCE75-7283-50FE-A28A-A519C3F49269}.Release|Any CPU.ActiveCfg = Release|Any CPU
		{874DCE75-7283-50FE-A28A-A519C3F49269}.Release|Any CPU.Build.0 = Release|Any CPU
		{7BDCD7DE-538B-0055-C0C1-C16A0E5948BB}.Debug|Any CPU.ActiveCfg = Debug|Any CPU
		{7BDCD7DE-538B-0055-C0C1-C16A0E5948BB}.Debug|Any CPU.Build.0 = Debug|Any CPU
		{7BDCD7DE-538B-0055-C0C1-C16A0E5948BB}.Release|Any CPU.ActiveCfg = Release|Any CPU
		{7BDCD7DE-538B-0055-C0C1-C16A0E5948BB}.Release|Any CPU.Build.0 = Release|Any CPU
	EndGlobalSection
	GlobalSection(SolutionProperties) = preSolution
		HideSolutionNode = FALSE
	EndGlobalSection
	GlobalSection(NestedProjects) = preSolution
		{DEE97A76-C9A3-BFAF-1CCD-4A95303F54F6} = {827E0CD3-B72D-47B6-A68D-7590B98EB39B}
		{21E6FFD2-5625-8AF6-2874-D344ACAA001C} = {827E0CD3-B72D-47B6-A68D-7590B98EB39B}
		{AA440216-3ABB-2704-D0A9-B3D821DF445E} = {827E0CD3-B72D-47B6-A68D-7590B98EB39B}
		{CE140DF5-E2FB-45D4-BE01-15FFB97ED2BA} = {827E0CD3-B72D-47B6-A68D-7590B98EB39B}
		{874DCE75-7283-50FE-A28A-A519C3F49269} = {827E0CD3-B72D-47B6-A68D-7590B98EB39B}
	EndGlobalSection
	GlobalSection(ExtensibilityGlobals) = postSolution
		SolutionGuid = {459000B5-F97B-4EDA-A2B5-EB9CE8692DEE}
	EndGlobalSection
EndGlobal
